
Microsoft Visual Studio Solution File, Format Version 12.00
# Visual Studio 15
VisualStudioVersion = 15.0.28307.539
MinimumVisualStudioVersion = 10.0.40219.1
Project("{FAE04EC0-301F-11D3-BF4B-00C04F79EFBC}") = "Client", "LTMCB-GK\Client.csproj", "{676A9FF2-1AA2-47D2-BD55-9AB2301876EE}"
EndProject
Project("{FAE04EC0-301F-11D3-BF4B-00C04F79EFBC}") = "Server", "Server\Server.csproj", "{A0647DAF-C58D-402F-AEDC-6B4BDC398899}"
EndProject
Global
	GlobalSection(SolutionConfigurationPlatforms) = preSolution
		Debug|Any CPU = Debug|Any CPU
		Release|Any CPU = Release|Any CPU
	EndGlobalSection
	GlobalSection(ProjectConfigurationPlatforms) = postSolution
		{676A9FF2-1AA2-47D2-BD55-9AB2301876EE}.Debug|Any CPU.ActiveCfg = Debug|Any CPU
		{676A9FF2-1AA2-47D2-BD55-9AB2301876EE}.Debug|Any CPU.Build.0 = Debug|Any CPU
		{676A9FF2-1AA2-47D2-BD55-9AB2301876EE}.Release|Any CPU.ActiveCfg = Release|Any CPU
		{676A9FF2-1AA2-47D2-BD55-9AB2301876EE}.Release|Any CPU.Build.0 = Release|Any CPU
		{A0647DAF-C58D-402F-AEDC-6B4BDC398899}.Debug|Any CPU.ActiveCfg = Debug|Any CPU
		{A0647DAF-C58D-402F-AEDC-6B4BDC398899}.Debug|Any CPU.Build.0 = Debug|Any CPU
		{A0647DAF-C58D-402F-AEDC-6B4BDC398899}.Release|Any CPU.ActiveCfg = Release|Any CPU
		{A0647DAF-C58D-402F-AEDC-6B4BDC398899}.Release|Any CPU.Build.0 = Release|Any CPU
	EndGlobalSection
	GlobalSection(SolutionProperties) = preSolution
		HideSolutionNode = FALSE
	EndGlobalSection
	GlobalSection(ExtensibilityGlobals) = postSolution
		SolutionGuid = {B0DFC715-4312-436E-AD07-9218B4D089C8}
	EndGlobalSection
EndGlobal
